Microsoft Visual Studio Solution File, Format Version 12.00
# Visual Studio Version 17
VisualStudioVersion = 17.0.31912.275
MinimumVisualStudioVersion = 10.0.40219.1
Project("{9A19103F-16F7-4668-BE54-9A1E7A4F7556}") = "DSoft.System.Mvvm", "System.Mvvm\DSoft.System.Mvvm.csproj", "{E5D6AA6E-A16A-4258-A872-1557E4ED4827}"
EndProject
Project("{9A19103F-16F7-4668-BE54-9A1E7A4F7556}") = "MVVMSample", "MVVMSample\MVVMSample.csproj", "{790A7BC2-CE43-4E0A-90E4-9430DE1C926F}"
EndProject
Project("{9A19103F-16F7-4668-BE54-9A1E7A4F7556}") = "DSoft.System.Mvvm.UI", "System.Mvvm.Ui\DSoft.System.Mvvm.UI.csproj", "{1435FDCC-D83C-43B5-8398-BD676219779B}"
EndProject
Project("{9A19103F-16F7-4668-BE54-9A1E7A4F7556}") = "DSoft.System.Mvvm.Hosting", "DSoft.System.Mvvm.Hosting\DSoft.System.Mvvm.Hosting.csproj", "{7F2683CA-C7BA-4D8B-B10E-D7222DFD11DF}"
EndProject
Project("{9A19103F-16F7-4668-BE54-9A1E7A4F7556}") = "DSoft.System.Mvvm.UI.WinUI", "System.Mvvm.UI.WinUI\DSoft.System.Mvvm.UI.WinUI.csproj", "{ECC528E3-87C6-4C3A-BB3C-BD6BA47E61CB}"
EndProject
Project("{9A19103F-16F7-4668-BE54-9A1E7A4F7556}") = "DSoft.System.Mvvm.UI.WPF", "System.Mvvm.UI.Wpf\DSoft.System.Mvvm.UI.WPF.csproj", "{9C050090-2B9E-4117-87CD-96F450419953}"
EndProject
Project("{9A19103F-16F7-4668-BE54-9A1E7A4F7556}") = "DSoft.System.Mvvm.UI.Forms", "System.Mvvm.UI.Forms\DSoft.System.Mvvm.UI.Forms.csproj", "{AC51DC80-5C76-4881-B667-6B2A738C7DA0}"
EndProject
Project("{2150E333-8FDC-42A3-9474-1A3956D46DE8}") = ".ci", ".ci", "{60A224E7-C8BB-46F2-B9FF-B1E514FBB2F2}"
	ProjectSection(SolutionItems) = preProject
		azure-pipelines-mergetest.yml = azure-pipelines-mergetest.yml
		azure-pipelines-release.yml = azure-pipelines-release.yml
		Directory.Build.props = Directory.Build.props
	EndProjectSection
EndProject
Project("{9A19103F-16F7-4668-BE54-9A1E7A4F7556}") = "DSoft.System.Mvvm.SourceGenerators", "DSoft.System.Mvvm.SourceGenerators\DSoft.System.Mvvm.SourceGenerators.csproj", "{A991169B-7D24-4594-9CBA-736F3A378AA6}"
EndProject
Project("{9A19103F-16F7-4668-BE54-9A1E7A4F7556}") = "DSoft.System.Mvvm.UI.MAUI", "DSoft.System.Mvvm.UI.MAUI\DSoft.System.Mvvm.UI.MAUI.csproj", "{6BD8A518-5587-4773-946B-1D34637A54DC}"
EndProject
Project("{2150E333-8FDC-42A3-9474-1A3956D46DE8}") = "Samples", "Samples", "{A3E1E428-0B67-4C50-92CD-D5D502F46295}"
EndProject
Project("{FAE04EC0-301F-11D3-BF4B-00C04F79EFBC}") = "MauiSample", "MauiSample\MauiSample.csproj", "{E4B3AFF0-EEFD-4431-8C45-398938A73A3D}"
EndProject
Global
	GlobalSection(SolutionConfigurationPlatforms) = preSolution
		Debug|Any CPU = Debug|Any CPU
		Debug|ARM = Debug|ARM
		Debug|ARM64 = Debug|ARM64
		Debug|x64 = Debug|x64
		Debug|x86 = Debug|x86
		Release|Any CPU = Release|Any CPU
		Release|ARM = Release|ARM
		Release|ARM64 = Release|ARM64
		Release|x64 = Release|x64
		Release|x86 = Release|x86
	EndGlobalSection
	GlobalSection(ProjectConfigurationPlatforms) = postSolution
		{E5D6AA6E-A16A-4258-A872-1557E4ED4827}.Debug|Any CPU.ActiveCfg = Debug|Any CPU
		{E5D6AA6E-A16A-4258-A872-1557E4ED4827}.Debug|Any CPU.Build.0 = Debug|Any CPU
		{E5D6AA6E-A16A-4258-A872-1557E4ED4827}.Debug|ARM.ActiveCfg = Debug|Any CPU
		{E5D6AA6E-A16A-4258-A872-1557E4ED4827}.Debug|ARM.Build.0 = Debug|Any CPU
		{E5D6AA6E-A16A-4258-A872-1557E4ED4827}.Debug|ARM64.ActiveCfg = Debug|Any CPU
		{E5D6AA6E-A16A-4258-A872-1557E4ED4827}.Debug|ARM64.Build.0 = Debug|Any CPU
		{E5D6AA6E-A16A-4258-A872-1557E4ED4827}.Debug|x64.ActiveCfg = Debug|Any CPU
		{E5D6AA6E-A16A-4258-A872-1557E4ED4827}.Debug|x64.Build.0 = Debug|Any CPU
		{E5D6AA6E-A16A-4258-A872-1557E4ED4827}.Debug|x86.ActiveCfg = Debug|Any CPU
		{E5D6AA6E-A16A-4258-A872-1557E4ED4827}.Debug|x86.Build.0 = Debug|Any CPU
		{E5D6AA6E-A16A-4258-A872-1557E4ED4827}.Release|Any CPU.ActiveCfg = Release|Any CPU
		{E5D6AA6E-A16A-4258-A872-1557E4ED4827}.Release|Any CPU.Build.0 = Release|Any CPU
		{E5D6AA6E-A16A-4258-A872-1557E4ED4827}.Release|ARM.ActiveCfg = Release|Any CPU
		{E5D6AA6E-A16A-4258-A872-1557E4ED4827}.Release|ARM.Build.0 = Release|Any CPU
		{E5D6AA6E-A16A-4258-A872-1557E4ED4827}.Release|ARM64.ActiveCfg = Release|Any CPU
		{E5D6AA6E-A16A-4258-A872-1557E4ED4827}.Release|ARM64.Build.0 = Release|Any CPU
		{E5D6AA6E-A16A-4258-A872-1557E4ED4827}.Release|x64.ActiveCfg = Release|Any CPU
		{E5D6AA6E-A16A-4258-A872-1557E4ED4827}.Release|x64.Build.0 = Release|Any CPU
		{E5D6AA6E-A16A-4258-A872-1557E4ED4827}.Release|x86.ActiveCfg = Release|Any CPU
		{E5D6AA6E-A16A-4258-A872-1557E4ED4827}.Release|x86.Build.0 = Release|Any CPU
		{790A7BC2-CE43-4E0A-90E4-9430DE1C926F}.Debug|Any CPU.ActiveCfg = Debug|Any CPU
		{790A7BC2-CE43-4E0A-90E4-9430DE1C926F}.Debug|Any CPU.Build.0 = Debug|Any CPU
		{790A7BC2-CE43-4E0A-90E4-9430DE1C926F}.Debug|ARM.ActiveCfg = Debug|Any CPU
		{790A7BC2-CE43-4E0A-90E4-9430DE1C926F}.Debug|ARM.Build.0 = Debug|Any CPU
		{790A7BC2-CE43-4E0A-90E4-9430DE1C926F}.Debug|ARM64.ActiveCfg = Debug|Any CPU
		{790A7BC2-CE43-4E0A-90E4-9430DE1C926F}.Debug|ARM64.Build.0 = Debug|Any CPU
		{790A7BC2-CE43-4E0A-90E4-9430DE1C926F}.Debug|x64.ActiveCfg = Debug|Any CPU
		{790A7BC2-CE43-4E0A-90E4-9430DE1C926F}.Debug|x64.Build.0 = Debug|Any CPU
		{790A7BC2-CE43-4E0A-90E4-9430DE1C926F}.Debug|x86.ActiveCfg = Debug|Any CPU
		{790A7BC2-CE43-4E0A-90E4-9430DE1C926F}.Debug|x86.Build.0 = Debug|Any CPU
		{790A7BC2-CE43-4E0A-90E4-9430DE1C926F}.Release|Any CPU.ActiveCfg = Release|Any CPU
		{790A7BC2-CE43-4E0A-90E4-9430DE1C926F}.Release|Any CPU.Build.0 = Release|Any CPU
		{790A7BC2-CE43-4E0A-90E4-9430DE1C926F}.Release|ARM.ActiveCfg = Release|Any CPU
		{790A7BC2-CE43-4E0A-90E4-9430DE1C926F}.Release|ARM.Build.0 = Release|Any CPU
		{790A7BC2-CE43-4E0A-90E4-9430DE1C926F}.Release|ARM64.ActiveCfg = Release|Any CPU
		{790A7BC2-CE43-4E0A-90E4-9430DE1C926F}.Release|ARM64.Build.0 = Release|Any CPU
		{790A7BC2-CE43-4E0A-90E4-9430DE1C926F}.Release|x64.ActiveCfg = Release|Any CPU
		{790A7BC2-CE43-4E0A-90E4-9430DE1C926F}.Release|x64.Build.0 = Release|Any CPU
		{790A7BC2-CE43-4E0A-90E4-9430DE1C926F}.Release|x86.ActiveCfg = Release|Any CPU
		{790A7BC2-CE43-4E0A-90E4-9430DE1C926F}.Release|x86.Build.0 = Release|Any CPU
		{1435FDCC-D83C-43B5-8398-BD676219779B}.Debug|Any CPU.ActiveCfg = Debug|Any CPU
		{1435FDCC-D83C-43B5-8398-BD676219779B}.Debug|Any CPU.Build.0 = Debug|Any CPU
		{1435FDCC-D83C-43B5-8398-BD676219779B}.Debug|ARM.ActiveCfg = Debug|Any CPU
		{1435FDCC-D83C-43B5-8398-BD676219779B}.Debug|ARM.Build.0 = Debug|Any CPU
		{1435FDCC-D83C-43B5-8398-BD676219779B}.Debug|ARM64.ActiveCfg = Debug|Any CPU
		{1435FDCC-D83C-43B5-8398-BD676219779B}.Debug|ARM64.Build.0 = Debug|Any CPU
		{1435FDCC-D83C-43B5-8398-BD676219779B}.Debug|x64.ActiveCfg = Debug|Any CPU
		{1435FDCC-D83C-43B5-8398-BD676219779B}.Debug|x64.Build.0 = Debug|Any CPU
		{1435FDCC-D83C-43B5-8398-BD676219779B}.Debug|x86.ActiveCfg = Debug|Any CPU
		{1435FDCC-D83C-43B5-8398-BD676219779B}.Debug|x86.Build.0 = Debug|Any CPU
		{1435FDCC-D83C-43B5-8398-BD676219779B}.Release|Any CPU.ActiveCfg = Release|Any CPU
		{1435FDCC-D83C-43B5-8398-BD676219779B}.Release|Any CPU.Build.0 = Release|Any CPU
		{1435FDCC-D83C-43B5-8398-BD676219779B}.Release|ARM.ActiveCfg = Release|Any CPU
		{1435FDCC-D83C-43B5-8398-BD676219779B}.Release|ARM.Build.0 = Release|Any CPU
		{1435FDCC-D83C-43B5-8398-BD676219779B}.Release|ARM64.ActiveCfg = Release|Any CPU
		{1435FDCC-D83C-43B5-8398-BD676219779B}.Release|ARM64.Build.0 = Release|Any CPU
		{1435FDCC-D83C-43B5-8398-BD676219779B}.Release|x64.ActiveCfg = Release|Any CPU
		{1435FDCC-D83C-43B5-8398-BD676219779B}.Release|x64.Build.0 = Release|Any CPU
		{1435FDCC-D83C-43B5-8398-BD676219779B}.Release|x86.ActiveCfg = Release|Any CPU
		{1435FDCC-D83C-43B5-8398-BD676219779B}.Release|x86.Build.0 = Release|Any CPU
		{7F2683CA-C7BA-4D8B-B10E-D7222DFD11DF}.Debug|Any CPU.ActiveCfg = Debug|Any CPU
		{7F2683CA-C7BA-4D8B-B10E-D7222DFD11DF}.Debug|Any CPU.Build.0 = Debug|Any CPU
		{7F2683CA-C7BA-4D8B-B10E-D7222DFD11DF}.Debug|ARM.ActiveCfg = Debug|Any CPU
		{7F2683CA-C7BA-4D8B-B10E-D7222DFD11DF}.Debug|ARM.Build.0 = Debug|Any CPU
		{7F2683CA-C7BA-4D8B-B10E-D7222DFD11DF}.Debug|ARM64.ActiveCfg = Debug|Any CPU
		{7F2683CA-C7BA-4D8B-B10E-D7222DFD11DF}.Debug|ARM64.Build.0 = Debug|Any CPU
		{7F2683CA-C7BA-4D8B-B10E-D7222DFD11DF}.Debug|x64.ActiveCfg = Debug|Any CPU
		{7F2683CA-C7BA-4D8B-B10E-D7222DFD11DF}.Debug|x64.Build.0 = Debug|Any CPU
		{7F2683CA-C7BA-4D8B-B10E-D7222DFD11DF}.Debug|x86.ActiveCfg = Debug|Any CPU
		{7F2683CA-C7BA-4D8B-B10E-D7222DFD11DF}.Debug|x86.Build.0 = Debug|Any CPU
		{7F2683CA-C7BA-4D8B-B10E-D7222DFD11DF}.Release|Any CPU.ActiveCfg = Release|Any CPU
		{7F2683CA-C7BA-4D8B-B10E-D7222DFD11DF}.Release|Any CPU.Build.0 = Release|Any CPU
		{7F2683CA-C7BA-4D8B-B10E-D7222DFD11DF}.Release|ARM.ActiveCfg = Release|Any CPU
		{7F2683CA-C7BA-4D8B-B10E-D7222DFD11DF}.Release|ARM.Build.0 = Release|Any CPU
		{7F2683CA-C7BA-4D8B-B10E-D7222DFD11DF}.Release|ARM64.ActiveCfg = Release|Any CPU
		{7F2683CA-C7BA-4D8B-B10E-D7222DFD11DF}.Release|ARM64.Build.0 = Release|Any CPU
		{7F2683CA-C7BA-4D8B-B10E-D7222DFD11DF}.Release|x64.ActiveCfg = Release|Any CPU
		{7F2683CA-C7BA-4D8B-B10E-D7222DFD11DF}.Release|x64.Build.0 = Release|Any CPU
		{7F2683CA-C7BA-4D8B-B10E-D7222DFD11DF}.Release|x86.ActiveCfg = Release|Any CPU
		{7F2683CA-C7BA-4D8B-B10E-D7222DFD11DF}.Release|x86.Build.0 = Release|Any CPU
		{ECC528E3-87C6-4C3A-BB3C-BD6BA47E61CB}.Debug|Any CPU.ActiveCfg = Debug|Any CPU
		{ECC528E3-87C6-4C3A-BB3C-BD6BA47E61CB}.Debug|Any CPU.Build.0 = Debug|Any CPU
		{ECC528E3-87C6-4C3A-BB3C-BD6BA47E61CB}.Debug|ARM.ActiveCfg = Debug|Any CPU
		{ECC528E3-87C6-4C3A-BB3C-BD6BA47E61CB}.Debug|ARM.Build.0 = Debug|Any CPU
		{ECC528E3-87C6-4C3A-BB3C-BD6BA47E61CB}.Debug|ARM64.ActiveCfg = Debug|Any CPU
		{ECC528E3-87C6-4C3A-BB3C-BD6BA47E61CB}.Debug|ARM64.Build.0 = Debug|Any CPU
		{ECC528E3-87C6-4C3A-BB3C-BD6BA47E61CB}.Debug|x64.ActiveCfg = Debug|Any CPU
		{ECC528E3-87C6-4C3A-BB3C-BD6BA47E61CB}.Debug|x64.Build.0 = Debug|Any CPU
		{ECC528E3-87C6-4C3A-BB3C-BD6BA47E61CB}.Debug|x86.ActiveCfg = Debug|Any CPU
		{ECC528E3-87C6-4C3A-BB3C-BD6BA47E61CB}.Debug|x86.Build.0 = Debug|Any CPU
		{ECC528E3-87C6-4C3A-BB3C-BD6BA47E61CB}.Release|Any CPU.ActiveCfg = Release|Any CPU
		{ECC528E3-87C6-4C3A-BB3C-BD6BA47E61CB}.Release|Any CPU.Build.0 = Release|Any CPU
		{ECC528E3-87C6-4C3A-BB3C-BD6BA47E61CB}.Release|ARM.ActiveCfg = Release|Any CPU
		{ECC528E3-87C6-4C3A-BB3C-BD6BA47E61CB}.Release|ARM.Build.0 = Release|Any CPU
		{ECC528E3-87C6-4C3A-BB3C-BD6BA47E61CB}.Release|ARM64.ActiveCfg = Release|Any CPU
		{ECC528E3-87C6-4C3A-BB3C-BD6BA47E61CB}.Release|ARM64.Build.0 = Release|Any CPU
		{ECC528E3-87C6-4C3A-BB3C-BD6BA47E61CB}.Release|x64.ActiveCfg = Release|Any CPU
		{ECC528E3-87C6-4C3A-BB3C-BD6BA47E61CB}.Release|x64.Build.0 = Release|Any CPU
		{ECC528E3-87C6-4C3A-BB3C-BD6BA47E61CB}.Release|x86.ActiveCfg = Release|Any CPU
		{ECC528E3-87C6-4C3A-BB3C-BD6BA47E61CB}.Release|x86.Build.0 = Release|Any CPU
		{9C050090-2B9E-4117-87CD-96F450419953}.Debug|Any CPU.ActiveCfg = Debug|Any CPU
		{9C050090-2B9E-4117-87CD-96F450419953}.Debug|Any CPU.Build.0 = Debug|Any CPU
		{9C050090-2B9E-4117-87CD-96F450419953}.Debug|ARM.ActiveCfg = Debug|Any CPU
		{9C050090-2B9E-4117-87CD-96F450419953}.Debug|ARM.Build.0 = Debug|Any CPU
		{9C050090-2B9E-4117-87CD-96F450419953}.Debug|ARM64.ActiveCfg = Debug|Any CPU
		{9C050090-2B9E-4117-87CD-96F450419953}.Debug|ARM64.Build.0 = Debug|Any CPU
		{9C050090-2B9E-4117-87CD-96F450419953}.Debug|x64.ActiveCfg = Debug|Any CPU
		{9C050090-2B9E-4117-87CD-96F450419953}.Debug|x64.Build.0 = Debug|Any CPU
		{9C050090-2B9E-4117-87CD-96F450419953}.Debug|x86.ActiveCfg = Debug|Any CPU
		{9C050090-2B9E-4117-87CD-96F450419953}.Debug|x86.Build.0 = Debug|Any CPU
		{9C050090-2B9E-4117-87CD-96F450419953}.Release|Any CPU.ActiveCfg = Release|Any CPU
		{9C050090-2B9E-4117-87CD-96F450419953}.Release|Any CPU.Build.0 = Release|Any CPU
		{9C050090-2B9E-4117-87CD-96F450419953}.Release|ARM.ActiveCfg = Release|Any CPU
		{9C050090-2B9E-4117-87CD-96F450419953}.Release|ARM.Build.0 = Release|Any CPU
		{9C050090-2B9E-4117-87CD-96F450419953}.Release|ARM64.ActiveCfg = Release|Any CPU
		{9C050090-2B9E-4117-87CD-96F450419953}.Release|ARM64.Build.0 = Release|Any CPU
		{9C050090-2B9E-4117-87CD-96F450419953}.Release|x64.ActiveCfg = Release|Any CPU
		{9C050090-2B9E-4117-87CD-96F450419953}.Release|x64.Build.0 = Release|Any CPU
		{9C050090-2B9E-4117-87CD-96F450419953}.Release|x86.ActiveCfg = Release|Any CPU
		{9C050090-2B9E-4117-87CD-96F450419953}.Release|x86.Build.0 = Release|Any CPU
		{AC51DC80-5C76-4881-B667-6B2A738C7DA0}.Debug|Any CPU.ActiveCfg = Debug|Any CPU
		{AC51DC80-5C76-4881-B667-6B2A738C7DA0}.Debug|Any CPU.Build.0 = Debug|Any CPU
		{AC51DC80-5C76-4881-B667-6B2A738C7DA0}.Debug|ARM.ActiveCfg = Debug|Any CPU
		{AC51DC80-5C76-4881-B667-6B2A738C7DA0}.Debug|ARM.Build.0 = Debug|Any CPU
		{AC51DC80-5C76-4881-B667-6B2A738C7DA0}.Debug|ARM64.ActiveCfg = Debug|Any CPU
		{AC51DC80-5C76-4881-B667-6B2A738C7DA0}.Debug|ARM64.Build.0 = Debug|Any CPU
		{AC51DC80-5C76-4881-B667-6B2A738C7DA0}.Debug|x64.ActiveCfg = Debug|Any CPU
		{AC51DC80-5C76-4881-B667-6B2A738C7DA0}.Debug|x64.Build.0 = Debug|Any CPU
		{AC51DC80-5C76-4881-B667-6B2A738C7DA0}.Debug|x86.ActiveCfg = Debug|Any CPU
		{AC51DC80-5C76-4881-B667-6B2A738C7DA0}.Debug|x86.Build.0 = Debug|Any CPU
		{AC51DC80-5C76-4881-B667-6B2A738C7DA0}.Release|Any CPU.ActiveCfg = Release|Any CPU
		{AC51DC80-5C76-4881-B667-6B2A738C7DA0}.Release|Any CPU.Build.0 = Release|Any CPU
		{AC51DC80-5C76-4881-B667-6B2A738C7DA0}.Release|ARM.ActiveCfg = Release|Any CPU
		{AC51DC80-5C76-4881-B667-6B2A738C7DA0}.Release|ARM.Build.0 = Release|Any CPU
		{AC51DC80-5C76-4881-B667-6B2A738C7DA0}.Release|ARM64.ActiveCfg = Release|Any CPU
		{AC51DC80-5C76-4881-B667-6B2A738C7DA0}.Release|ARM64.Build.0 = Release|Any CPU
		{AC51DC80-5C76-4881-B667-6B2A738C7DA0}.Release|x64.ActiveCfg = Release|Any CPU
		{AC51DC80-5C76-4881-B667-6B2A738C7DA0}.Release|x64.Build.0 = Release|Any CPU
		{AC51DC80-5C76-4881-B667-6B2A738C7DA0}.Release|x86.ActiveCfg = Release|Any CPU
		{AC51DC80-5C76-4881-B667-6B2A738C7DA0}.Release|x86.Build.0 = Release|Any CPU
		{A991169B-7D24-4594-9CBA-736F3A378AA6}.Debug|Any CPU.ActiveCfg = Debug|Any CPU
		{A991169B-7D24-4594-9CBA-736F3A378AA6}.Debug|Any CPU.Build.0 = Debug|Any CPU
		{A991169B-7D24-4594-9CBA-736F3A378AA6}.Debug|ARM.ActiveCfg = Debug|Any CPU
		{A991169B-7D24-4594-9CBA-736F3A378AA6}.Debug|ARM.Build.0 = Debug|Any CPU
		{A991169B-7D24-4594-9CBA-736F3A378AA6}.Debug|ARM64.ActiveCfg = Debug|Any CPU
		{A991169B-7D24-4594-9CBA-736F3A378AA6}.Debug|ARM64.Build.0 = Debug|Any CPU
		{A991169B-7D24-4594-9CBA-736F3A378AA6}.Debug|x64.ActiveCfg = Debug|Any CPU
		{A991169B-7D24-4594-9CBA-736F3A378AA6}.Debug|x64.Build.0 = Debug|Any CPU
		{A991169B-7D24-4594-9CBA-736F3A378AA6}.Debug|x86.ActiveCfg = Debug|Any CPU
		{A991169B-7D24-4594-9CBA-736F3A378AA6}.Debug|x86.Build.0 = Debug|Any CPU
		{A991169B-7D24-4594-9CBA-736F3A378AA6}.Release|Any CPU.ActiveCfg = Release|Any CPU
		{A991169B-7D24-4594-9CBA-736F3A378AA6}.Release|Any CPU.Build.0 = Release|Any CPU
		{A991169B-7D24-4594-9CBA-736F3A378AA6}.Release|ARM.ActiveCfg = Release|Any CPU
		{A991169B-7D24-4594-9CBA-736F3A378AA6}.Release|ARM.Build.0 = Release|Any CPU
		{A991169B-7D24-4594-9CBA-736F3A378AA6}.Release|ARM64.ActiveCfg = Release|Any CPU
		{A991169B-7D24-4594-9CBA-736F3A378AA6}.Release|ARM64.Build.0 = Release|Any CPU
		{A991169B-7D24-4594-9CBA-736F3A378AA6}.Release|x64.ActiveCfg = Release|Any CPU
		{A991169B-7D24-4594-9CBA-736F3A378AA6}.Release|x64.Build.0 = Release|Any CPU
		{A991169B-7D24-4594-9CBA-736F3A378AA6}.Release|x86.ActiveCfg = Release|Any CPU
		{A991169B-7D24-4594-9CBA-736F3A378AA6}.Release|x86.Build.0 = Release|Any CPU
		{6BD8A518-5587-4773-946B-1D34637A54DC}.Debug|Any CPU.ActiveCfg = Debug|Any CPU
		{6BD8A518-5587-4773-946B-1D34637A54DC}.Debug|Any CPU.Build.0 = Debug|Any CPU
		{6BD8A518-5587-4773-946B-1D34637A54DC}.Debug|ARM.ActiveCfg = Debug|Any CPU
		{6BD8A518-5587-4773-946B-1D34637A54DC}.Debug|ARM.Build.0 = Debug|Any CPU
		{6BD8A518-5587-4773-946B-1D34637A54DC}.Debug|ARM64.ActiveCfg = Debug|Any CPU
		{6BD8A518-5587-4773-946B-1D34637A54DC}.Debug|ARM64.Build.0 = Debug|Any CPU
		{6BD8A518-5587-4773-946B-1D34637A54DC}.Debug|x64.ActiveCfg = Debug|Any CPU
		{6BD8A518-5587-4773-946B-1D34637A54DC}.Debug|x64.Build.0 = Debug|Any CPU
		{6BD8A518-5587-4773-946B-1D34637A54DC}.Debug|x86.ActiveCfg = Debug|Any CPU
		{6BD8A518-5587-4773-946B-1D34637A54DC}.Debug|x86.Build.0 = Debug|Any CPU
		{6BD8A518-5587-4773-946B-1D34637A54DC}.Release|Any CPU.ActiveCfg = Release|Any CPU
		{6BD8A518-5587-4773-946B-1D34637A54DC}.Release|Any CPU.Build.0 = Release|Any CPU
		{6BD8A518-5587-4773-946B-1D34637A54DC}.Release|ARM.ActiveCfg = Release|Any CPU
		{6BD8A518-5587-4773-946B-1D34637A54DC}.Release|ARM.Build.0 = Release|Any CPU
		{6BD8A518-5587-4773-946B-1D34637A54DC}.Release|ARM64.ActiveCfg = Release|Any CPU
		{6BD8A518-5587-4773-946B-1D34637A54DC}.Release|ARM64.Build.0 = Release|Any CPU
		{6BD8A518-5587-4773-946B-1D34637A54DC}.Release|x64.ActiveCfg = Release|Any CPU
		{6BD8A518-5587-4773-946B-1D34637A54DC}.Release|x64.Build.0 = Release|Any CPU
		{6BD8A518-5587-4773-946B-1D34637A54DC}.Release|x86.ActiveCfg = Release|Any CPU
		{6BD8A518-5587-4773-946B-1D34637A54DC}.Release|x86.Build.0 = Release|Any CPU
		{E4B3AFF0-EEFD-4431-8C45-398938A73A3D}.Debug|Any CPU.ActiveCfg = Debug|Any CPU
		{E4B3AFF0-EEFD-4431-8C45-398938A73A3D}.Debug|Any CPU.Build.0 = Debug|Any CPU
		{E4B3AFF0-EEFD-4431-8C45-398938A73A3D}.Debug|Any CPU.Deploy.0 = Debug|Any CPU
		{E4B3AFF0-EEFD-4431-8C45-398938A73A3D}.Debug|ARM.ActiveCfg = Debug|Any CPU
		{E4B3AFF0-EEFD-4431-8C45-398938A73A3D}.Debug|ARM.Build.0 = Debug|Any CPU
		{E4B3AFF0-EEFD-4431-8C45-398938A73A3D}.Debug|ARM.Deploy.0 = Debug|Any CPU
		{E4B3AFF0-EEFD-4431-8C45-398938A73A3D}.Debug|ARM64.ActiveCfg = Debug|Any CPU
		{E4B3AFF0-EEFD-4431-8C45-398938A73A3D}.Debug|ARM64.Build.0 = Debug|Any CPU
		{E4B3AFF0-EEFD-4431-8C45-398938A73A3D}.Debug|ARM64.Deploy.0 = Debug|Any CPU
		{E4B3AFF0-EEFD-4431-8C45-398938A73A3D}.Debug|x64.ActiveCfg = Debug|Any CPU
		{E4B3AFF0-EEFD-4431-8C45-398938A73A3D}.Debug|x64.Build.0 = Debug|Any CPU
		{E4B3AFF0-EEFD-4431-8C45-398938A73A3D}.Debug|x64.Deploy.0 = Debug|Any CPU
		{E4B3AFF0-EEFD-4431-8C45-398938A73A3D}.Debug|x86.ActiveCfg = Debug|Any CPU
		{E4B3AFF0-EEFD-4431-8C45-398938A73A3D}.Debug|x86.Build.0 = Debug|Any CPU
		{E4B3AFF0-EEFD-4431-8C45-398938A73A3D}.Debug|x86.Deploy.0 = Debug|Any CPU
		{E4B3AFF0-EEFD-4431-8C45-398938A73A3D}.Release|Any CPU.ActiveCfg = Release|Any CPU
		{E4B3AFF0-EEFD-4431-8C45-398938A73A3D}.Release|Any CPU.Build.0 = Release|Any CPU
		{E4B3AFF0-EEFD-4431-8C45-398938A73A3D}.Release|Any CPU.Deploy.0 = Release|Any CPU
		{E4B3AFF0-EEFD-4431-8C45-398938A73A3D}.Release|ARM.ActiveCfg = Release|Any CPU
		{E4B3AFF0-EEFD-4431-8C45-398938A73A3D}.Release|ARM.Build.0 = Release|Any CPU
		{E4B3AFF0-EEFD-4431-8C45-398938A73A3D}.Release|ARM.Deploy.0 = Release|Any CPU
		{E4B3AFF0-EEFD-4431-8C45-398938A73A3D}.Release|ARM64.ActiveCfg = Release|Any CPU
		{E4B3AFF0-EEFD-4431-8C45-398938A73A3D}.Release|ARM64.Build.0 = Release|Any CPU
		{E4B3AFF0-EEFD-4431-8C45-398938A73A3D}.Release|ARM64.Deploy.0 = Release|Any CPU
		{E4B3AFF0-EEFD-4431-8C45-398938A73A3D}.Release|x64.ActiveCfg = Release|Any CPU
		{E4B3AFF0-EEFD-4431-8C45-398938A73A3D}.Release|x64.Build.0 = Release|Any CPU
		{E4B3AFF0-EEFD-4431-8C45-398938A73A3D}.Release|x64.Deploy.0 = Release|Any CPU
		{E4B3AFF0-EEFD-4431-8C45-398938A73A3D}.Release|x86.ActiveCfg = Release|Any CPU
		{E4B3AFF0-EEFD-4431-8C45-398938A73A3D}.Release|x86.Build.0 = Release|Any CPU
		{E4B3AFF0-EEFD-4431-8C45-398938A73A3D}.Release|x86.Deploy.0 = Release|Any CPU
	EndGlobalSection
	GlobalSection(SolutionProperties) = preSolution
		HideSolutionNode = FALSE
	EndGlobalSection
	GlobalSection(NestedProjects) = preSolution
		{790A7BC2-CE43-4E0A-90E4-9430DE1C926F} = {A3E1E428-0B67-4C50-92CD-D5D502F46295}
		{E4B3AFF0-EEFD-4431-8C45-398938A73A3D} = {A3E1E428-0B67-4C50-92CD-D5D502F46295}
	EndGlobalSection
	GlobalSection(ExtensibilityGlobals) = postSolution
		SolutionGuid = {3B36D360-FB4C-4AF3-9BCC-523D0B6CEC6D}
	EndGlobalSection
EndGlobal
