Microsoft Visual Studio Solution File, Format Version 12.00
# Visual Studio Version 17
VisualStudioVersion = 17.0.31912.275
MinimumVisualStudioVersion = 10.0.40219.1
Project("{9A19103F-16F7-4668-BE54-9A1E7A4F7556}") = "DSoft.System.Mvvm", "System.Mvvm\DSoft.System.Mvvm.csproj", "{E5D6AA6E-A16A-4258-A872-1557E4ED4827}"
EndProject
Project("{9A19103F-16F7-4668-BE54-9A1E7A4F7556}") = "DSoft.System.Mvvm.UI", "System.Mvvm.Ui\DSoft.System.Mvvm.UI.csproj", "{1435FDCC-D83C-43B5-8398-BD676219779B}"
EndProject
Project("{9A19103F-16F7-4668-BE54-9A1E7A4F7556}") = "DSoft.System.Mvvm.Hosting", "DSoft.System.Mvvm.Hosting\DSoft.System.Mvvm.Hosting.csproj", "{7F2683CA-C7BA-4D8B-B10E-D7222DFD11DF}"
EndProject
Project("{9A19103F-16F7-4668-BE54-9A1E7A4F7556}") = "DSoft.System.Mvvm.UI.Forms", "System.Mvvm.UI.Forms\DSoft.System.Mvvm.UI.Forms.csproj", "{AC51DC80-5C76-4881-B667-6B2A738C7DA0}"
EndProject
Global
	GlobalSection(SolutionConfigurationPlatforms) = preSolution
		Debug|Any CPU = Debug|Any CPU
		Debug|ARM = Debug|ARM
		Debug|ARM64 = Debug|ARM64
		Debug|x64 = Debug|x64
		Debug|x86 = Debug|x86
		Release|Any CPU = Release|Any CPU
		Release|ARM = Release|ARM
		Release|ARM64 = Release|ARM64
		Release|x64 = Release|x64
		Release|x86 = Release|x86
	EndGlobalSection
	GlobalSection(ProjectConfigurationPlatforms) = postSolution
		{E5D6AA6E-A16A-4258-A872-1557E4ED4827}.Debug|Any CPU.ActiveCfg = Debug|Any CPU
		{E5D6AA6E-A16A-4258-A872-1557E4ED4827}.Debug|Any CPU.Build.0 = Debug|Any CPU
		{E5D6AA6E-A16A-4258-A872-1557E4ED4827}.Debug|ARM.ActiveCfg = Debug|Any CPU
		{E5D6AA6E-A16A-4258-A872-1557E4ED4827}.Debug|ARM.Build.0 = Debug|Any CPU
		{E5D6AA6E-A16A-4258-A872-1557E4ED4827}.Debug|ARM64.ActiveCfg = Debug|Any CPU
		{E5D6AA6E-A16A-4258-A872-1557E4ED4827}.Debug|ARM64.Build.0 = Debug|Any CPU
		{E5D6AA6E-A16A-4258-A872-1557E4ED4827}.Debug|x64.ActiveCfg = Debug|Any CPU
		{E5D6AA6E-A16A-4258-A872-1557E4ED4827}.Debug|x64.Build.0 = Debug|Any CPU
		{E5D6AA6E-A16A-4258-A872-1557E4ED4827}.Debug|x86.ActiveCfg = Debug|Any CPU
		{E5D6AA6E-A16A-4258-A872-1557E4ED4827}.Debug|x86.Build.0 = Debug|Any CPU
		{E5D6AA6E-A16A-4258-A872-1557E4ED4827}.Release|Any CPU.ActiveCfg = Release|Any CPU
		{E5D6AA6E-A16A-4258-A872-1557E4ED4827}.Release|Any CPU.Build.0 = Release|Any CPU
		{E5D6AA6E-A16A-4258-A872-1557E4ED4827}.Release|ARM.ActiveCfg = Release|Any CPU
		{E5D6AA6E-A16A-4258-A872-1557E4ED4827}.Release|ARM.Build.0 = Release|Any CPU
		{E5D6AA6E-A16A-4258-A872-1557E4ED4827}.Release|ARM64.ActiveCfg = Release|Any CPU
		{E5D6AA6E-A16A-4258-A872-1557E4ED4827}.Release|ARM64.Build.0 = Release|Any CPU
		{E5D6AA6E-A16A-4258-A872-1557E4ED4827}.Release|x64.ActiveCfg = Release|Any CPU
		{E5D6AA6E-A16A-4258-A872-1557E4ED4827}.Release|x64.Build.0 = Release|Any CPU
		{E5D6AA6E-A16A-4258-A872-1557E4ED4827}.Release|x86.ActiveCfg = Release|Any CPU
		{E5D6AA6E-A16A-4258-A872-1557E4ED4827}.Release|x86.Build.0 = Release|Any CPU
		{1435FDCC-D83C-43B5-8398-BD676219779B}.Debug|Any CPU.ActiveCfg = Debug|Any CPU
		{1435FDCC-D83C-43B5-8398-BD676219779B}.Debug|Any CPU.Build.0 = Debug|Any CPU
		{1435FDCC-D83C-43B5-8398-BD676219779B}.Debug|ARM.ActiveCfg = Debug|Any CPU
		{1435FDCC-D83C-43B5-8398-BD676219779B}.Debug|ARM.Build.0 = Debug|Any CPU
		{1435FDCC-D83C-43B5-8398-BD676219779B}.Debug|ARM64.ActiveCfg = Debug|Any CPU
		{1435FDCC-D83C-43B5-8398-BD676219779B}.Debug|ARM64.Build.0 = Debug|Any CPU
		{1435FDCC-D83C-43B5-8398-BD676219779B}.Debug|x64.ActiveCfg = Debug|Any CPU
		{1435FDCC-D83C-43B5-8398-BD676219779B}.Debug|x64.Build.0 = Debug|Any CPU
		{1435FDCC-D83C-43B5-8398-BD676219779B}.Debug|x86.ActiveCfg = Debug|Any CPU
		{1435FDCC-D83C-43B5-8398-BD676219779B}.Debug|x86.Build.0 = Debug|Any CPU
		{1435FDCC-D83C-43B5-8398-BD676219779B}.Release|Any CPU.ActiveCfg = Release|Any CPU
		{1435FDCC-D83C-43B5-8398-BD676219779B}.Release|Any CPU.Build.0 = Release|Any CPU
		{1435FDCC-D83C-43B5-8398-BD676219779B}.Release|ARM.ActiveCfg = Release|Any CPU
		{1435FDCC-D83C-43B5-8398-BD676219779B}.Release|ARM.Build.0 = Release|Any CPU
		{1435FDCC-D83C-43B5-8398-BD676219779B}.Release|ARM64.ActiveCfg = Release|Any CPU
		{1435FDCC-D83C-43B5-8398-BD676219779B}.Release|ARM64.Build.0 = Release|Any CPU
		{1435FDCC-D83C-43B5-8398-BD676219779B}.Release|x64.ActiveCfg = Release|Any CPU
		{1435FDCC-D83C-43B5-8398-BD676219779B}.Release|x64.Build.0 = Release|Any CPU
		{1435FDCC-D83C-43B5-8398-BD676219779B}.Release|x86.ActiveCfg = Release|Any CPU
		{1435FDCC-D83C-43B5-8398-BD676219779B}.Release|x86.Build.0 = Release|Any CPU
		{7F2683CA-C7BA-4D8B-B10E-D7222DFD11DF}.Debug|Any CPU.ActiveCfg = Debug|Any CPU
		{7F2683CA-C7BA-4D8B-B10E-D7222DFD11DF}.Debug|Any CPU.Build.0 = Debug|Any CPU
		{7F2683CA-C7BA-4D8B-B10E-D7222DFD11DF}.Debug|ARM.ActiveCfg = Debug|Any CPU
		{7F2683CA-C7BA-4D8B-B10E-D7222DFD11DF}.Debug|ARM.Build.0 = Debug|Any CPU
		{7F2683CA-C7BA-4D8B-B10E-D7222DFD11DF}.Debug|ARM64.ActiveCfg = Debug|Any CPU
		{7F2683CA-C7BA-4D8B-B10E-D7222DFD11DF}.Debug|ARM64.Build.0 = Debug|Any CPU
		{7F2683CA-C7BA-4D8B-B10E-D7222DFD11DF}.Debug|x64.ActiveCfg = Debug|Any CPU
		{7F2683CA-C7BA-4D8B-B10E-D7222DFD11DF}.Debug|x64.Build.0 = Debug|Any CPU
		{7F2683CA-C7BA-4D8B-B10E-D7222DFD11DF}.Debug|x86.ActiveCfg = Debug|Any CPU
		{7F2683CA-C7BA-4D8B-B10E-D7222DFD11DF}.Debug|x86.Build.0 = Debug|Any CPU
		{7F2683CA-C7BA-4D8B-B10E-D7222DFD11DF}.Release|Any CPU.ActiveCfg = Release|Any CPU
		{7F2683CA-C7BA-4D8B-B10E-D7222DFD11DF}.Release|Any CPU.Build.0 = Release|Any CPU
		{7F2683CA-C7BA-4D8B-B10E-D7222DFD11DF}.Release|ARM.ActiveCfg = Release|Any CPU
		{7F2683CA-C7BA-4D8B-B10E-D7222DFD11DF}.Release|ARM.Build.0 = Release|Any CPU
		{7F2683CA-C7BA-4D8B-B10E-D7222DFD11DF}.Release|ARM64.ActiveCfg = Release|Any CPU
		{7F2683CA-C7BA-4D8B-B10E-D7222DFD11DF}.Release|ARM64.Build.0 = Release|Any CPU
		{7F2683CA-C7BA-4D8B-B10E-D7222DFD11DF}.Release|x64.ActiveCfg = Release|Any CPU
		{7F2683CA-C7BA-4D8B-B10E-D7222DFD11DF}.Release|x64.Build.0 = Release|Any CPU
		{7F2683CA-C7BA-4D8B-B10E-D7222DFD11DF}.Release|x86.ActiveCfg = Release|Any CPU
		{7F2683CA-C7BA-4D8B-B10E-D7222DFD11DF}.Release|x86.Build.0 = Release|Any CPU
		{AC51DC80-5C76-4881-B667-6B2A738C7DA0}.Debug|Any CPU.ActiveCfg = Debug|Any CPU
		{AC51DC80-5C76-4881-B667-6B2A738C7DA0}.Debug|Any CPU.Build.0 = Debug|Any CPU
		{AC51DC80-5C76-4881-B667-6B2A738C7DA0}.Debug|ARM.ActiveCfg = Debug|Any CPU
		{AC51DC80-5C76-4881-B667-6B2A738C7DA0}.Debug|ARM.Build.0 = Debug|Any CPU
		{AC51DC80-5C76-4881-B667-6B2A738C7DA0}.Debug|ARM64.ActiveCfg = Debug|Any CPU
		{AC51DC80-5C76-4881-B667-6B2A738C7DA0}.Debug|ARM64.Build.0 = Debug|Any CPU
		{AC51DC80-5C76-4881-B667-6B2A738C7DA0}.Debug|x64.ActiveCfg = Debug|Any CPU
		{AC51DC80-5C76-4881-B667-6B2A738C7DA0}.Debug|x64.Build.0 = Debug|Any CPU
		{AC51DC80-5C76-4881-B667-6B2A738C7DA0}.Debug|x86.ActiveCfg = Debug|Any CPU
		{AC51DC80-5C76-4881-B667-6B2A738C7DA0}.Debug|x86.Build.0 = Debug|Any CPU
		{AC51DC80-5C76-4881-B667-6B2A738C7DA0}.Release|Any CPU.ActiveCfg = Release|Any CPU
		{AC51DC80-5C76-4881-B667-6B2A738C7DA0}.Release|Any CPU.Build.0 = Release|Any CPU
		{AC51DC80-5C76-4881-B667-6B2A738C7DA0}.Release|ARM.ActiveCfg = Release|Any CPU
		{AC51DC80-5C76-4881-B667-6B2A738C7DA0}.Release|ARM.Build.0 = Release|Any CPU
		{AC51DC80-5C76-4881-B667-6B2A738C7DA0}.Release|ARM64.ActiveCfg = Release|Any CPU
		{AC51DC80-5C76-4881-B667-6B2A738C7DA0}.Release|ARM64.Build.0 = Release|Any CPU
		{AC51DC80-5C76-4881-B667-6B2A738C7DA0}.Release|x64.ActiveCfg = Release|Any CPU
		{AC51DC80-5C76-4881-B667-6B2A738C7DA0}.Release|x64.Build.0 = Release|Any CPU
		{AC51DC80-5C76-4881-B667-6B2A738C7DA0}.Release|x86.ActiveCfg = Release|Any CPU
		{AC51DC80-5C76-4881-B667-6B2A738C7DA0}.Release|x86.Build.0 = Release|Any CPU
	EndGlobalSection
	GlobalSection(SolutionProperties) = preSolution
		HideSolutionNode = FALSE
	EndGlobalSection
	GlobalSection(ExtensibilityGlobals) = postSolution
		SolutionGuid = {3B36D360-FB4C-4AF3-9BCC-523D0B6CEC6D}
	EndGlobalSection
EndGlobal
