Microsoft Visual Studio Solution File, Format Version 12.00
# Visual Studio Version 16
VisualStudioVersion = 16.0.29102.190
MinimumVisualStudioVersion = 10.0.40219.1
Project("{9A19103F-16F7-4668-BE54-9A1E7A4F7556}") = "DSoft.System.Mvvm", "System.Mvvm\DSoft.System.Mvvm.csproj", "{E5D6AA6E-A16A-4258-A872-1557E4ED4827}"
EndProject
Project("{9A19103F-16F7-4668-BE54-9A1E7A4F7556}") = "MVVMSample", "MVVMSample\MVVMSample.csproj", "{790A7BC2-CE43-4E0A-90E4-9430DE1C926F}"
EndProject
Project("{9A19103F-16F7-4668-BE54-9A1E7A4F7556}") = "DSoft.System.Mvvm.Ui", "System.Mvvm.Ui\DSoft.System.Mvvm.Ui.csproj", "{1435FDCC-D83C-43B5-8398-BD676219779B}"
EndProject
Global
	GlobalSection(SolutionConfigurationPlatforms) = preSolution
		Debug|Any CPU = Debug|Any CPU
		Debug|ARM = Debug|ARM
		Debug|ARM64 = Debug|ARM64
		Debug|x64 = Debug|x64
		Debug|x86 = Debug|x86
		Release|Any CPU = Release|Any CPU
		Release|ARM = Release|ARM
		Release|ARM64 = Release|ARM64
		Release|x64 = Release|x64
		Release|x86 = Release|x86
	EndGlobalSection
	GlobalSection(ProjectConfigurationPlatforms) = postSolution
		{E5D6AA6E-A16A-4258-A872-1557E4ED4827}.Debug|Any CPU.ActiveCfg = Debug|Any CPU
		{E5D6AA6E-A16A-4258-A872-1557E4ED4827}.Debug|Any CPU.Build.0 = Debug|Any CPU
		{E5D6AA6E-A16A-4258-A872-1557E4ED4827}.Debug|ARM.ActiveCfg = Debug|Any CPU
		{E5D6AA6E-A16A-4258-A872-1557E4ED4827}.Debug|ARM.Build.0 = Debug|Any CPU
		{E5D6AA6E-A16A-4258-A872-1557E4ED4827}.Debug|ARM64.ActiveCfg = Debug|Any CPU
		{E5D6AA6E-A16A-4258-A872-1557E4ED4827}.Debug|ARM64.Build.0 = Debug|Any CPU
		{E5D6AA6E-A16A-4258-A872-1557E4ED4827}.Debug|x64.ActiveCfg = Debug|Any CPU
		{E5D6AA6E-A16A-4258-A872-1557E4ED4827}.Debug|x64.Build.0 = Debug|Any CPU
		{E5D6AA6E-A16A-4258-A872-1557E4ED4827}.Debug|x86.ActiveCfg = Debug|Any CPU
		{E5D6AA6E-A16A-4258-A872-1557E4ED4827}.Debug|x86.Build.0 = Debug|Any CPU
		{E5D6AA6E-A16A-4258-A872-1557E4ED4827}.Release|Any CPU.ActiveCfg = Release|Any CPU
		{E5D6AA6E-A16A-4258-A872-1557E4ED4827}.Release|Any CPU.Build.0 = Release|Any CPU
		{E5D6AA6E-A16A-4258-A872-1557E4ED4827}.Release|ARM.ActiveCfg = Release|Any CPU
		{E5D6AA6E-A16A-4258-A872-1557E4ED4827}.Release|ARM.Build.0 = Release|Any CPU
		{E5D6AA6E-A16A-4258-A872-1557E4ED4827}.Release|ARM64.ActiveCfg = Release|Any CPU
		{E5D6AA6E-A16A-4258-A872-1557E4ED4827}.Release|ARM64.Build.0 = Release|Any CPU
		{E5D6AA6E-A16A-4258-A872-1557E4ED4827}.Release|x64.ActiveCfg = Release|Any CPU
		{E5D6AA6E-A16A-4258-A872-1557E4ED4827}.Release|x64.Build.0 = Release|Any CPU
		{E5D6AA6E-A16A-4258-A872-1557E4ED4827}.Release|x86.ActiveCfg = Release|Any CPU
		{E5D6AA6E-A16A-4258-A872-1557E4ED4827}.Release|x86.Build.0 = Release|Any CPU
		{790A7BC2-CE43-4E0A-90E4-9430DE1C926F}.Debug|Any CPU.ActiveCfg = Debug|Any CPU
		{790A7BC2-CE43-4E0A-90E4-9430DE1C926F}.Debug|Any CPU.Build.0 = Debug|Any CPU
		{790A7BC2-CE43-4E0A-90E4-9430DE1C926F}.Debug|ARM.ActiveCfg = Debug|Any CPU
		{790A7BC2-CE43-4E0A-90E4-9430DE1C926F}.Debug|ARM.Build.0 = Debug|Any CPU
		{790A7BC2-CE43-4E0A-90E4-9430DE1C926F}.Debug|ARM64.ActiveCfg = Debug|Any CPU
		{790A7BC2-CE43-4E0A-90E4-9430DE1C926F}.Debug|ARM64.Build.0 = Debug|Any CPU
		{790A7BC2-CE43-4E0A-90E4-9430DE1C926F}.Debug|x64.ActiveCfg = Debug|Any CPU
		{790A7BC2-CE43-4E0A-90E4-9430DE1C926F}.Debug|x64.Build.0 = Debug|Any CPU
		{790A7BC2-CE43-4E0A-90E4-9430DE1C926F}.Debug|x86.ActiveCfg = Debug|Any CPU
		{790A7BC2-CE43-4E0A-90E4-9430DE1C926F}.Debug|x86.Build.0 = Debug|Any CPU
		{790A7BC2-CE43-4E0A-90E4-9430DE1C926F}.Release|Any CPU.ActiveCfg = Release|Any CPU
		{790A7BC2-CE43-4E0A-90E4-9430DE1C926F}.Release|Any CPU.Build.0 = Release|Any CPU
		{790A7BC2-CE43-4E0A-90E4-9430DE1C926F}.Release|ARM.ActiveCfg = Release|Any CPU
		{790A7BC2-CE43-4E0A-90E4-9430DE1C926F}.Release|ARM.Build.0 = Release|Any CPU
		{790A7BC2-CE43-4E0A-90E4-9430DE1C926F}.Release|ARM64.ActiveCfg = Release|Any CPU
		{790A7BC2-CE43-4E0A-90E4-9430DE1C926F}.Release|ARM64.Build.0 = Release|Any CPU
		{790A7BC2-CE43-4E0A-90E4-9430DE1C926F}.Release|x64.ActiveCfg = Release|Any CPU
		{790A7BC2-CE43-4E0A-90E4-9430DE1C926F}.Release|x64.Build.0 = Release|Any CPU
		{790A7BC2-CE43-4E0A-90E4-9430DE1C926F}.Release|x86.ActiveCfg = Release|Any CPU
		{790A7BC2-CE43-4E0A-90E4-9430DE1C926F}.Release|x86.Build.0 = Release|Any CPU
		{1435FDCC-D83C-43B5-8398-BD676219779B}.Debug|Any CPU.ActiveCfg = Debug|Any CPU
		{1435FDCC-D83C-43B5-8398-BD676219779B}.Debug|Any CPU.Build.0 = Debug|Any CPU
		{1435FDCC-D83C-43B5-8398-BD676219779B}.Debug|ARM.ActiveCfg = Debug|Any CPU
		{1435FDCC-D83C-43B5-8398-BD676219779B}.Debug|ARM.Build.0 = Debug|Any CPU
		{1435FDCC-D83C-43B5-8398-BD676219779B}.Debug|ARM64.ActiveCfg = Debug|Any CPU
		{1435FDCC-D83C-43B5-8398-BD676219779B}.Debug|ARM64.Build.0 = Debug|Any CPU
		{1435FDCC-D83C-43B5-8398-BD676219779B}.Debug|x64.ActiveCfg = Debug|Any CPU
		{1435FDCC-D83C-43B5-8398-BD676219779B}.Debug|x64.Build.0 = Debug|Any CPU
		{1435FDCC-D83C-43B5-8398-BD676219779B}.Debug|x86.ActiveCfg = Debug|Any CPU
		{1435FDCC-D83C-43B5-8398-BD676219779B}.Debug|x86.Build.0 = Debug|Any CPU
		{1435FDCC-D83C-43B5-8398-BD676219779B}.Release|Any CPU.ActiveCfg = Release|Any CPU
		{1435FDCC-D83C-43B5-8398-BD676219779B}.Release|Any CPU.Build.0 = Release|Any CPU
		{1435FDCC-D83C-43B5-8398-BD676219779B}.Release|ARM.ActiveCfg = Release|Any CPU
		{1435FDCC-D83C-43B5-8398-BD676219779B}.Release|ARM.Build.0 = Release|Any CPU
		{1435FDCC-D83C-43B5-8398-BD676219779B}.Release|ARM64.ActiveCfg = Release|Any CPU
		{1435FDCC-D83C-43B5-8398-BD676219779B}.Release|ARM64.Build.0 = Release|Any CPU
		{1435FDCC-D83C-43B5-8398-BD676219779B}.Release|x64.ActiveCfg = Release|Any CPU
		{1435FDCC-D83C-43B5-8398-BD676219779B}.Release|x64.Build.0 = Release|Any CPU
		{1435FDCC-D83C-43B5-8398-BD676219779B}.Release|x86.ActiveCfg = Release|Any CPU
		{1435FDCC-D83C-43B5-8398-BD676219779B}.Release|x86.Build.0 = Release|Any CPU
	EndGlobalSection
	GlobalSection(SolutionProperties) = preSolution
		HideSolutionNode = FALSE
	EndGlobalSection
	GlobalSection(ExtensibilityGlobals) = postSolution
		SolutionGuid = {3B36D360-FB4C-4AF3-9BCC-523D0B6CEC6D}
	EndGlobalSection
EndGlobal
