
Microsoft Visual Studio Solution File, Format Version 12.00
# Visual Studio 2012
Project("{FAE04EC0-301F-11D3-BF4B-00C04F79EFBC}") = "System.Mvvm.NetStandard", "System.Mvvm.NetStandard\System.Mvvm.NetStandard.csproj", "{E9C625E9-0E02-4C16-B675-28273CB6A148}"
EndProject
Project("{FAE04EC0-301F-11D3-BF4B-00C04F79EFBC}") = "System.Mvvm", "System.Mvvm\System.Mvvm.csproj", "{BF250FFF-C15C-40FC-9C8C-B8AAB9FC2FE1}"
EndProject
Global
	GlobalSection(SolutionConfigurationPlatforms) = preSolution
		Debug|Any CPU = Debug|Any CPU
		Release|Any CPU = Release|Any CPU
	EndGlobalSection
	GlobalSection(ProjectConfigurationPlatforms) = postSolution
		{E9C625E9-0E02-4C16-B675-28273CB6A148}.Debug|Any CPU.ActiveCfg = Debug|Any CPU
		{E9C625E9-0E02-4C16-B675-28273CB6A148}.Debug|Any CPU.Build.0 = Debug|Any CPU
		{E9C625E9-0E02-4C16-B675-28273CB6A148}.Release|Any CPU.ActiveCfg = Release|Any CPU
		{E9C625E9-0E02-4C16-B675-28273CB6A148}.Release|Any CPU.Build.0 = Release|Any CPU
		{BF250FFF-C15C-40FC-9C8C-B8AAB9FC2FE1}.Debug|Any CPU.ActiveCfg = Debug|Any CPU
		{BF250FFF-C15C-40FC-9C8C-B8AAB9FC2FE1}.Debug|Any CPU.Build.0 = Debug|Any CPU
		{BF250FFF-C15C-40FC-9C8C-B8AAB9FC2FE1}.Release|Any CPU.ActiveCfg = Release|Any CPU
		{BF250FFF-C15C-40FC-9C8C-B8AAB9FC2FE1}.Release|Any CPU.Build.0 = Release|Any CPU
	EndGlobalSection
EndGlobal
